
Microsoft Visual Studio Solution File, Format Version 11.00
# Visual Studio 2010
Project("{FAE04EC0-301F-11D3-BF4B-00C04F79EFBC}") = "Assembly-CSharp", "Assembly-CSharp.csproj", "{600A1EA2-5390-8941-983E-224805C036F2}"
EndProject
Project("{FAE04EC0-301F-11D3-BF4B-00C04F79EFBC}") = "Assembly-CSharp-firstpass", "Assembly-CSharp-firstpass.csproj", "{F16108B8-85ED-721D-4A9A-7145C716FC95}"
EndProject
Project("{FAE04EC0-301F-11D3-BF4B-00C04F79EFBC}") = "Assembly-CSharp-Editor", "Assembly-CSharp-Editor.csproj", "{11864DDE-96EF-86E1-CB8E-59816260F962}"
EndProject
Global
	GlobalSection(SolutionConfigurationPlatforms) = preSolution
		Debug|Any CPU = Debug|Any CPU
		Release|Any CPU = Release|Any CPU
	EndGlobalSection
	GlobalSection(ProjectConfigurationPlatforms) = postSolution
		{600A1EA2-5390-8941-983E-224805C036F2}.Debug|Any CPU.ActiveCfg = Debug|Any CPU
		{600A1EA2-5390-8941-983E-224805C036F2}.Debug|Any CPU.Build.0 = Debug|Any CPU
		{600A1EA2-5390-8941-983E-224805C036F2}.Release|Any CPU.ActiveCfg = Release|Any CPU
		{600A1EA2-5390-8941-983E-224805C036F2}.Release|Any CPU.Build.0 = Release|Any CPU
		{F16108B8-85ED-721D-4A9A-7145C716FC95}.Debug|Any CPU.ActiveCfg = Debug|Any CPU
		{F16108B8-85ED-721D-4A9A-7145C716FC95}.Debug|Any CPU.Build.0 = Debug|Any CPU
		{F16108B8-85ED-721D-4A9A-7145C716FC95}.Release|Any CPU.ActiveCfg = Release|Any CPU
		{F16108B8-85ED-721D-4A9A-7145C716FC95}.Release|Any CPU.Build.0 = Release|Any CPU
		{11864DDE-96EF-86E1-CB8E-59816260F962}.Debug|Any CPU.ActiveCfg = Debug|Any CPU
		{11864DDE-96EF-86E1-CB8E-59816260F962}.Debug|Any CPU.Build.0 = Debug|Any CPU
		{11864DDE-96EF-86E1-CB8E-59816260F962}.Release|Any CPU.ActiveCfg = Release|Any CPU
		{11864DDE-96EF-86E1-CB8E-59816260F962}.Release|Any CPU.Build.0 = Release|Any CPU
	EndGlobalSection
	GlobalSection(SolutionProperties) = preSolution
		HideSolutionNode = FALSE
	EndGlobalSection
EndGlobal
