
Microsoft Visual Studio Solution File, Format Version 11.00
# Visual Studio 2010
Project("{FAE04EC0-301F-11D3-BF4B-00C04F79EFBC}") = "Assembly-CSharp", "Assembly-CSharp.csproj", "{a21e0a60-9053-4189-983e-224805c036f2}"
EndProject
Project("{FAE04EC0-301F-11D3-BF4B-00C04F79EFBC}") = "Assembly-CSharp-firstpass", "Assembly-CSharp-firstpass.csproj", "{b80861f1-ed85-1d72-4a9a-7145c716fc95}"
EndProject
Project("{FAE04EC0-301F-11D3-BF4B-00C04F79EFBC}") = "Hierarchy2.Runtime", "Hierarchy2.Runtime.csproj", "{0a6015af-2478-91f7-7514-eefc96435988}"
EndProject
Project("{FAE04EC0-301F-11D3-BF4B-00C04F79EFBC}") = "Assembly-CSharp-Editor", "Assembly-CSharp-Editor.csproj", "{de4d8611-ef96-e186-cb8e-59816260f962}"
EndProject
Project("{FAE04EC0-301F-11D3-BF4B-00C04F79EFBC}") = "Hierarchy2.Editor", "Hierarchy2.Editor.csproj", "{e22d5144-60f5-49ba-68b1-0836911c7e4c}"
EndProject
Global
	GlobalSection(SolutionConfigurationPlatforms) = preSolution
		Debug|Any CPU = Debug|Any CPU
		Release|Any CPU = Release|Any CPU
	EndGlobalSection
	GlobalSection(ProjectConfigurationPlatforms) = postSolution
		{a21e0a60-9053-4189-983e-224805c036f2}.Debug|Any CPU.ActiveCfg = Debug|Any CPU
		{a21e0a60-9053-4189-983e-224805c036f2}.Debug|Any CPU.Build.0 = Debug|Any CPU
		{a21e0a60-9053-4189-983e-224805c036f2}.Release|Any CPU.ActiveCfg = Release|Any CPU
		{a21e0a60-9053-4189-983e-224805c036f2}.Release|Any CPU.Build.0 = Release|Any CPU
		{b80861f1-ed85-1d72-4a9a-7145c716fc95}.Debug|Any CPU.ActiveCfg = Debug|Any CPU
		{b80861f1-ed85-1d72-4a9a-7145c716fc95}.Debug|Any CPU.Build.0 = Debug|Any CPU
		{b80861f1-ed85-1d72-4a9a-7145c716fc95}.Release|Any CPU.ActiveCfg = Release|Any CPU
		{b80861f1-ed85-1d72-4a9a-7145c716fc95}.Release|Any CPU.Build.0 = Release|Any CPU
		{0a6015af-2478-91f7-7514-eefc96435988}.Debug|Any CPU.ActiveCfg = Debug|Any CPU
		{0a6015af-2478-91f7-7514-eefc96435988}.Debug|Any CPU.Build.0 = Debug|Any CPU
		{0a6015af-2478-91f7-7514-eefc96435988}.Release|Any CPU.ActiveCfg = Release|Any CPU
		{0a6015af-2478-91f7-7514-eefc96435988}.Release|Any CPU.Build.0 = Release|Any CPU
		{de4d8611-ef96-e186-cb8e-59816260f962}.Debug|Any CPU.ActiveCfg = Debug|Any CPU
		{de4d8611-ef96-e186-cb8e-59816260f962}.Debug|Any CPU.Build.0 = Debug|Any CPU
		{de4d8611-ef96-e186-cb8e-59816260f962}.Release|Any CPU.ActiveCfg = Release|Any CPU
		{de4d8611-ef96-e186-cb8e-59816260f962}.Release|Any CPU.Build.0 = Release|Any CPU
		{e22d5144-60f5-49ba-68b1-0836911c7e4c}.Debug|Any CPU.ActiveCfg = Debug|Any CPU
		{e22d5144-60f5-49ba-68b1-0836911c7e4c}.Debug|Any CPU.Build.0 = Debug|Any CPU
		{e22d5144-60f5-49ba-68b1-0836911c7e4c}.Release|Any CPU.ActiveCfg = Release|Any CPU
		{e22d5144-60f5-49ba-68b1-0836911c7e4c}.Release|Any CPU.Build.0 = Release|Any CPU
	EndGlobalSection
	GlobalSection(SolutionProperties) = preSolution
		HideSolutionNode = FALSE
	EndGlobalSection
EndGlobal
