
Microsoft Visual Studio Solution File, Format Version 11.00
# Visual Studio 2010
Project("{FAE04EC0-301F-11D3-BF4B-00C04F79EFBC}") = "Assembly-CSharp", "Assembly-CSharp.csproj", "{41703be6-a8a9-1c12-77b2-70f9b678c45e}"
EndProject
Project("{FAE04EC0-301F-11D3-BF4B-00C04F79EFBC}") = "Hierarchy4.Runtime", "Hierarchy4.Runtime.csproj", "{6cb26540-eab7-4db6-d7ac-ebcf89231dd2}"
EndProject
Project("{FAE04EC0-301F-11D3-BF4B-00C04F79EFBC}") = "Assembly-CSharp-Editor", "Assembly-CSharp-Editor.csproj", "{44c0fe0c-e989-6517-6950-8d575ba80cc2}"
EndProject
Project("{FAE04EC0-301F-11D3-BF4B-00C04F79EFBC}") = "Hierarchy4.Editor", "Hierarchy4.Editor.csproj", "{90687258-6ad7-6fd4-8590-b1163b45dc06}"
EndProject
Global
	GlobalSection(SolutionConfigurationPlatforms) = preSolution
		Debug|Any CPU = Debug|Any CPU
	EndGlobalSection
	GlobalSection(ProjectConfigurationPlatforms) = postSolution
		{41703be6-a8a9-1c12-77b2-70f9b678c45e}.Debug|Any CPU.ActiveCfg = Debug|Any CPU
		{41703be6-a8a9-1c12-77b2-70f9b678c45e}.Debug|Any CPU.Build.0 = Debug|Any CPU
		{6cb26540-eab7-4db6-d7ac-ebcf89231dd2}.Debug|Any CPU.ActiveCfg = Debug|Any CPU
		{6cb26540-eab7-4db6-d7ac-ebcf89231dd2}.Debug|Any CPU.Build.0 = Debug|Any CPU
		{44c0fe0c-e989-6517-6950-8d575ba80cc2}.Debug|Any CPU.ActiveCfg = Debug|Any CPU
		{44c0fe0c-e989-6517-6950-8d575ba80cc2}.Debug|Any CPU.Build.0 = Debug|Any CPU
		{90687258-6ad7-6fd4-8590-b1163b45dc06}.Debug|Any CPU.ActiveCfg = Debug|Any CPU
		{90687258-6ad7-6fd4-8590-b1163b45dc06}.Debug|Any CPU.Build.0 = Debug|Any CPU
	EndGlobalSection
	GlobalSection(SolutionProperties) = preSolution
		HideSolutionNode = FALSE
	EndGlobalSection
EndGlobal
